
Microsoft Visual Studio Solution File, Format Version 12.00
# Visual Studio 15
Project("{FAE04EC0-301F-11D3-BF4B-00C04F79EFBC}") = "UnityEngine.TestRunner", "UnityEngine.TestRunner.csproj", "{8A82887A-564B-73CE-90C5-1EA50B08FD92}"
EndProject
Project("{FAE04EC0-301F-11D3-BF4B-00C04F79EFBC}") = "Unity.2D.Animation.Triangle.Runtime", "Unity.2D.Animation.Triangle.Runtime.csproj", "{4E855B52-1007-9F18-891A-4CD7952D92A6}"
EndProject
Project("{FAE04EC0-301F-11D3-BF4B-00C04F79EFBC}") = "UnityEngine.UI", "UnityEngine.UI.csproj", "{B030355B-4748-5484-F47B-7CD57DE51DAE}"
EndProject
Project("{FAE04EC0-301F-11D3-BF4B-00C04F79EFBC}") = "Unity.TextMeshPro", "Unity.TextMeshPro.csproj", "{A6927DE5-AD6E-3774-1535-F6F5C79FD2AE}"
EndProject
Project("{FAE04EC0-301F-11D3-BF4B-00C04F79EFBC}") = "Unity.2D.Animation.Runtime", "Unity.2D.Animation.Runtime.csproj", "{7D3E48AE-FB16-0686-FFC4-45F97E3CE915}"
EndProject
Project("{FAE04EC0-301F-11D3-BF4B-00C04F79EFBC}") = "Unity.Timeline", "Unity.Timeline.csproj", "{0B1CD2DB-B6C2-08ED-60D7-2EF8A535582E}"
EndProject
Project("{FAE04EC0-301F-11D3-BF4B-00C04F79EFBC}") = "Unity.Mathematics", "Unity.Mathematics.csproj", "{EF887A5B-E7FC-DB37-35C2-E6DA97E0D1E0}"
EndProject
Project("{FAE04EC0-301F-11D3-BF4B-00C04F79EFBC}") = "Unity.2D.SpriteShape.Runtime", "Unity.2D.SpriteShape.Runtime.csproj", "{1FD44EDB-3184-A7C7-1905-0DF734E5FDA8}"
EndProject
Project("{FAE04EC0-301F-11D3-BF4B-00C04F79EFBC}") = "Assembly-CSharp", "Assembly-CSharp.csproj", "{D33D1E49-99DA-14B3-5182-3E9DCB03970B}"
EndProject
Project("{FAE04EC0-301F-11D3-BF4B-00C04F79EFBC}") = "Unity.2D.PixelPerfect", "Unity.2D.PixelPerfect.csproj", "{B8E07409-EA68-AB07-6E40-CE468FFD4242}"
EndProject
Project("{FAE04EC0-301F-11D3-BF4B-00C04F79EFBC}") = "Unity.InternalAPIEngineBridge.001", "Unity.InternalAPIEngineBridge.001.csproj", "{83A8F74B-00D9-E054-7E78-5D2F9B6ABB4D}"
EndProject
Project("{FAE04EC0-301F-11D3-BF4B-00C04F79EFBC}") = "Unity.2D.Common.Runtime", "Unity.2D.Common.Runtime.csproj", "{7721785F-A77C-8D68-B537-56503B88DBDC}"
EndProject
Project("{FAE04EC0-301F-11D3-BF4B-00C04F79EFBC}") = "Unity.TextMeshPro.Editor", "Unity.TextMeshPro.Editor.csproj", "{4546D0DD-1C4F-7151-257A-A845225407F0}"
EndProject
Project("{FAE04EC0-301F-11D3-BF4B-00C04F79EFBC}") = "Unity.Timeline.Editor", "Unity.Timeline.Editor.csproj", "{99371A26-65C0-D97B-B683-C4488372C41E}"
EndProject
Project("{FAE04EC0-301F-11D3-BF4B-00C04F79EFBC}") = "UnityEditor.TestRunner", "UnityEditor.TestRunner.csproj", "{A02F2146-C885-BA8D-7681-BAB951B09805}"
EndProject
Project("{FAE04EC0-301F-11D3-BF4B-00C04F79EFBC}") = "Unity.2D.Animation.Editor", "Unity.2D.Animation.Editor.csproj", "{0027C2E9-2D92-2D94-DC56-873E15647016}"
EndProject
Project("{FAE04EC0-301F-11D3-BF4B-00C04F79EFBC}") = "Unity.2D.Path.Editor", "Unity.2D.Path.Editor.csproj", "{4C4E9E7E-528D-2D88-53A0-7DECEFD1DCD8}"
EndProject
Project("{FAE04EC0-301F-11D3-BF4B-00C04F79EFBC}") = "Unity.2D.Sprite.Editor", "Unity.2D.Sprite.Editor.csproj", "{0FF2FED6-D9AE-E305-F45E-24A10E643814}"
EndProject
Project("{FAE04EC0-301F-11D3-BF4B-00C04F79EFBC}") = "UnityEditor.UI", "UnityEditor.UI.csproj", "{09B16C74-E0A8-93BD-1D94-5374D6F174DF}"
EndProject
Project("{FAE04EC0-301F-11D3-BF4B-00C04F79EFBC}") = "Unity.Rider.Editor", "Unity.Rider.Editor.csproj", "{28007896-EF82-6C5E-2682-10859733D159}"
EndProject
Project("{FAE04EC0-301F-11D3-BF4B-00C04F79EFBC}") = "Unity.2D.Tilemap.Editor", "Unity.2D.Tilemap.Editor.csproj", "{74607909-F380-9E7E-E62B-CC46D34AB190}"
EndProject
Project("{FAE04EC0-301F-11D3-BF4B-00C04F79EFBC}") = "Unity.2D.SpriteShape.Editor", "Unity.2D.SpriteShape.Editor.csproj", "{C84B67DA-777E-0B07-6B7D-06E32170DAF6}"
EndProject
Project("{FAE04EC0-301F-11D3-BF4B-00C04F79EFBC}") = "PsdPlugin", "PsdPlugin.csproj", "{95BFC4A9-0B5A-105A-99B5-F9FF90A496EF}"
EndProject
Project("{FAE04EC0-301F-11D3-BF4B-00C04F79EFBC}") = "Unity.CollabProxy.Editor", "Unity.CollabProxy.Editor.csproj", "{B0B95845-F9EF-6FEF-9E7E-0A1CA9683705}"
EndProject
Project("{FAE04EC0-301F-11D3-BF4B-00C04F79EFBC}") = "Unity.2D.Common.Editor", "Unity.2D.Common.Editor.csproj", "{56B8222D-DDCF-26D5-327B-E64B959CFB03}"
EndProject
Project("{FAE04EC0-301F-11D3-BF4B-00C04F79EFBC}") = "Unity.VSCode.Editor", "Unity.VSCode.Editor.csproj", "{F6BC1F3C-723D-B4B3-22A8-F35620927A61}"
EndProject
Project("{FAE04EC0-301F-11D3-BF4B-00C04F79EFBC}") = "Unity.2D.Psdimporter.Editor", "Unity.2D.Psdimporter.Editor.csproj", "{42109616-762B-E55E-C1A3-06F433057A6E}"
EndProject
Project("{FAE04EC0-301F-11D3-BF4B-00C04F79EFBC}") = "Unity.2D.PixelPerfect.Editor", "Unity.2D.PixelPerfect.Editor.csproj", "{6B381064-C43C-C779-4922-5B3C96095875}"
EndProject
Project("{FAE04EC0-301F-11D3-BF4B-00C04F79EFBC}") = "Unity.Mathematics.Editor", "Unity.Mathematics.Editor.csproj", "{46A41C19-2C0B-2ADE-FCD8-6632C10BAE0C}"
EndProject
Project("{FAE04EC0-301F-11D3-BF4B-00C04F79EFBC}") = "Unity.InternalAPIEditorBridge.001", "Unity.InternalAPIEditorBridge.001.csproj", "{C3C4DB3D-522F-87B3-8040-30870BDB8108}"
EndProject
Project("{FAE04EC0-301F-11D3-BF4B-00C04F79EFBC}") = "Assembly-CSharp.Player", "Assembly-CSharp.Player.csproj", "{6066E543-6188-A440-E372-875A7F02E00F}"
EndProject
Global
	GlobalSection(SolutionConfigurationPlatforms) = preSolution
		Debug|Any CPU = Debug|Any CPU
		Release|Any CPU = Release|Any CPU
	EndGlobalSection
	GlobalSection(ProjectConfigurationPlatforms) = postSolution
		{8A82887A-564B-73CE-90C5-1EA50B08FD92}.Debug|Any CPU.ActiveCfg = Debug|Any CPU
		{8A82887A-564B-73CE-90C5-1EA50B08FD92}.Debug|Any CPU.Build.0 = Debug|Any CPU
		{8A82887A-564B-73CE-90C5-1EA50B08FD92}.Release|Any CPU.ActiveCfg = Release|Any CPU
		{8A82887A-564B-73CE-90C5-1EA50B08FD92}.Release|Any CPU.Build.0 = Release|Any CPU
		{4E855B52-1007-9F18-891A-4CD7952D92A6}.Debug|Any CPU.ActiveCfg = Debug|Any CPU
		{4E855B52-1007-9F18-891A-4CD7952D92A6}.Debug|Any CPU.Build.0 = Debug|Any CPU
		{4E855B52-1007-9F18-891A-4CD7952D92A6}.Release|Any CPU.ActiveCfg = Release|Any CPU
		{4E855B52-1007-9F18-891A-4CD7952D92A6}.Release|Any CPU.Build.0 = Release|Any CPU
		{B030355B-4748-5484-F47B-7CD57DE51DAE}.Debug|Any CPU.ActiveCfg = Debug|Any CPU
		{B030355B-4748-5484-F47B-7CD57DE51DAE}.Debug|Any CPU.Build.0 = Debug|Any CPU
		{B030355B-4748-5484-F47B-7CD57DE51DAE}.Release|Any CPU.ActiveCfg = Release|Any CPU
		{B030355B-4748-5484-F47B-7CD57DE51DAE}.Release|Any CPU.Build.0 = Release|Any CPU
		{A6927DE5-AD6E-3774-1535-F6F5C79FD2AE}.Debug|Any CPU.ActiveCfg = Debug|Any CPU
		{A6927DE5-AD6E-3774-1535-F6F5C79FD2AE}.Debug|Any CPU.Build.0 = Debug|Any CPU
		{A6927DE5-AD6E-3774-1535-F6F5C79FD2AE}.Release|Any CPU.ActiveCfg = Release|Any CPU
		{A6927DE5-AD6E-3774-1535-F6F5C79FD2AE}.Release|Any CPU.Build.0 = Release|Any CPU
		{7D3E48AE-FB16-0686-FFC4-45F97E3CE915}.Debug|Any CPU.ActiveCfg = Debug|Any CPU
		{7D3E48AE-FB16-0686-FFC4-45F97E3CE915}.Debug|Any CPU.Build.0 = Debug|Any CPU
		{7D3E48AE-FB16-0686-FFC4-45F97E3CE915}.Release|Any CPU.ActiveCfg = Release|Any CPU
		{7D3E48AE-FB16-0686-FFC4-45F97E3CE915}.Release|Any CPU.Build.0 = Release|Any CPU
		{0B1CD2DB-B6C2-08ED-60D7-2EF8A535582E}.Debug|Any CPU.ActiveCfg = Debug|Any CPU
		{0B1CD2DB-B6C2-08ED-60D7-2EF8A535582E}.Debug|Any CPU.Build.0 = Debug|Any CPU
		{0B1CD2DB-B6C2-08ED-60D7-2EF8A535582E}.Release|Any CPU.ActiveCfg = Release|Any CPU
		{0B1CD2DB-B6C2-08ED-60D7-2EF8A535582E}.Release|Any CPU.Build.0 = Release|Any CPU
		{EF887A5B-E7FC-DB37-35C2-E6DA97E0D1E0}.Debug|Any CPU.ActiveCfg = Debug|Any CPU
		{EF887A5B-E7FC-DB37-35C2-E6DA97E0D1E0}.Debug|Any CPU.Build.0 = Debug|Any CPU
		{EF887A5B-E7FC-DB37-35C2-E6DA97E0D1E0}.Release|Any CPU.ActiveCfg = Release|Any CPU
		{EF887A5B-E7FC-DB37-35C2-E6DA97E0D1E0}.Release|Any CPU.Build.0 = Release|Any CPU
		{1FD44EDB-3184-A7C7-1905-0DF734E5FDA8}.Debug|Any CPU.ActiveCfg = Debug|Any CPU
		{1FD44EDB-3184-A7C7-1905-0DF734E5FDA8}.Debug|Any CPU.Build.0 = Debug|Any CPU
		{1FD44EDB-3184-A7C7-1905-0DF734E5FDA8}.Release|Any CPU.ActiveCfg = Release|Any CPU
		{1FD44EDB-3184-A7C7-1905-0DF734E5FDA8}.Release|Any CPU.Build.0 = Release|Any CPU
		{D33D1E49-99DA-14B3-5182-3E9DCB03970B}.Debug|Any CPU.ActiveCfg = Debug|Any CPU
		{D33D1E49-99DA-14B3-5182-3E9DCB03970B}.Debug|Any CPU.Build.0 = Debug|Any CPU
		{D33D1E49-99DA-14B3-5182-3E9DCB03970B}.Release|Any CPU.ActiveCfg = Release|Any CPU
		{D33D1E49-99DA-14B3-5182-3E9DCB03970B}.Release|Any CPU.Build.0 = Release|Any CPU
		{B8E07409-EA68-AB07-6E40-CE468FFD4242}.Debug|Any CPU.ActiveCfg = Debug|Any CPU
		{B8E07409-EA68-AB07-6E40-CE468FFD4242}.Debug|Any CPU.Build.0 = Debug|Any CPU
		{B8E07409-EA68-AB07-6E40-CE468FFD4242}.Release|Any CPU.ActiveCfg = Release|Any CPU
		{B8E07409-EA68-AB07-6E40-CE468FFD4242}.Release|Any CPU.Build.0 = Release|Any CPU
		{83A8F74B-00D9-E054-7E78-5D2F9B6ABB4D}.Debug|Any CPU.ActiveCfg = Debug|Any CPU
		{83A8F74B-00D9-E054-7E78-5D2F9B6ABB4D}.Debug|Any CPU.Build.0 = Debug|Any CPU
		{83A8F74B-00D9-E054-7E78-5D2F9B6ABB4D}.Release|Any CPU.ActiveCfg = Release|Any CPU
		{83A8F74B-00D9-E054-7E78-5D2F9B6ABB4D}.Release|Any CPU.Build.0 = Release|Any CPU
		{7721785F-A77C-8D68-B537-56503B88DBDC}.Debug|Any CPU.ActiveCfg = Debug|Any CPU
		{7721785F-A77C-8D68-B537-56503B88DBDC}.Debug|Any CPU.Build.0 = Debug|Any CPU
		{7721785F-A77C-8D68-B537-56503B88DBDC}.Release|Any CPU.ActiveCfg = Release|Any CPU
		{7721785F-A77C-8D68-B537-56503B88DBDC}.Release|Any CPU.Build.0 = Release|Any CPU
		{4546D0DD-1C4F-7151-257A-A845225407F0}.Debug|Any CPU.ActiveCfg = Debug|Any CPU
		{4546D0DD-1C4F-7151-257A-A845225407F0}.Debug|Any CPU.Build.0 = Debug|Any CPU
		{4546D0DD-1C4F-7151-257A-A845225407F0}.Release|Any CPU.ActiveCfg = Release|Any CPU
		{4546D0DD-1C4F-7151-257A-A845225407F0}.Release|Any CPU.Build.0 = Release|Any CPU
		{99371A26-65C0-D97B-B683-C4488372C41E}.Debug|Any CPU.ActiveCfg = Debug|Any CPU
		{99371A26-65C0-D97B-B683-C4488372C41E}.Debug|Any CPU.Build.0 = Debug|Any CPU
		{99371A26-65C0-D97B-B683-C4488372C41E}.Release|Any CPU.ActiveCfg = Release|Any CPU
		{99371A26-65C0-D97B-B683-C4488372C41E}.Release|Any CPU.Build.0 = Release|Any CPU
		{A02F2146-C885-BA8D-7681-BAB951B09805}.Debug|Any CPU.ActiveCfg = Debug|Any CPU
		{A02F2146-C885-BA8D-7681-BAB951B09805}.Debug|Any CPU.Build.0 = Debug|Any CPU
		{A02F2146-C885-BA8D-7681-BAB951B09805}.Release|Any CPU.ActiveCfg = Release|Any CPU
		{A02F2146-C885-BA8D-7681-BAB951B09805}.Release|Any CPU.Build.0 = Release|Any CPU
		{0027C2E9-2D92-2D94-DC56-873E15647016}.Debug|Any CPU.ActiveCfg = Debug|Any CPU
		{0027C2E9-2D92-2D94-DC56-873E15647016}.Debug|Any CPU.Build.0 = Debug|Any CPU
		{0027C2E9-2D92-2D94-DC56-873E15647016}.Release|Any CPU.ActiveCfg = Release|Any CPU
		{0027C2E9-2D92-2D94-DC56-873E15647016}.Release|Any CPU.Build.0 = Release|Any CPU
		{4C4E9E7E-528D-2D88-53A0-7DECEFD1DCD8}.Debug|Any CPU.ActiveCfg = Debug|Any CPU
		{4C4E9E7E-528D-2D88-53A0-7DECEFD1DCD8}.Debug|Any CPU.Build.0 = Debug|Any CPU
		{4C4E9E7E-528D-2D88-53A0-7DECEFD1DCD8}.Release|Any CPU.ActiveCfg = Release|Any CPU
		{4C4E9E7E-528D-2D88-53A0-7DECEFD1DCD8}.Release|Any CPU.Build.0 = Release|Any CPU
		{0FF2FED6-D9AE-E305-F45E-24A10E643814}.Debug|Any CPU.ActiveCfg = Debug|Any CPU
		{0FF2FED6-D9AE-E305-F45E-24A10E643814}.Debug|Any CPU.Build.0 = Debug|Any CPU
		{0FF2FED6-D9AE-E305-F45E-24A10E643814}.Release|Any CPU.ActiveCfg = Release|Any CPU
		{0FF2FED6-D9AE-E305-F45E-24A10E643814}.Release|Any CPU.Build.0 = Release|Any CPU
		{09B16C74-E0A8-93BD-1D94-5374D6F174DF}.Debug|Any CPU.ActiveCfg = Debug|Any CPU
		{09B16C74-E0A8-93BD-1D94-5374D6F174DF}.Debug|Any CPU.Build.0 = Debug|Any CPU
		{09B16C74-E0A8-93BD-1D94-5374D6F174DF}.Release|Any CPU.ActiveCfg = Release|Any CPU
		{09B16C74-E0A8-93BD-1D94-5374D6F174DF}.Release|Any CPU.Build.0 = Release|Any CPU
		{28007896-EF82-6C5E-2682-10859733D159}.Debug|Any CPU.ActiveCfg = Debug|Any CPU
		{28007896-EF82-6C5E-2682-10859733D159}.Debug|Any CPU.Build.0 = Debug|Any CPU
		{28007896-EF82-6C5E-2682-10859733D159}.Release|Any CPU.ActiveCfg = Release|Any CPU
		{28007896-EF82-6C5E-2682-10859733D159}.Release|Any CPU.Build.0 = Release|Any CPU
		{74607909-F380-9E7E-E62B-CC46D34AB190}.Debug|Any CPU.ActiveCfg = Debug|Any CPU
		{74607909-F380-9E7E-E62B-CC46D34AB190}.Debug|Any CPU.Build.0 = Debug|Any CPU
		{74607909-F380-9E7E-E62B-CC46D34AB190}.Release|Any CPU.ActiveCfg = Release|Any CPU
		{74607909-F380-9E7E-E62B-CC46D34AB190}.Release|Any CPU.Build.0 = Release|Any CPU
		{C84B67DA-777E-0B07-6B7D-06E32170DAF6}.Debug|Any CPU.ActiveCfg = Debug|Any CPU
		{C84B67DA-777E-0B07-6B7D-06E32170DAF6}.Debug|Any CPU.Build.0 = Debug|Any CPU
		{C84B67DA-777E-0B07-6B7D-06E32170DAF6}.Release|Any CPU.ActiveCfg = Release|Any CPU
		{C84B67DA-777E-0B07-6B7D-06E32170DAF6}.Release|Any CPU.Build.0 = Release|Any CPU
		{95BFC4A9-0B5A-105A-99B5-F9FF90A496EF}.Debug|Any CPU.ActiveCfg = Debug|Any CPU
		{95BFC4A9-0B5A-105A-99B5-F9FF90A496EF}.Debug|Any CPU.Build.0 = Debug|Any CPU
		{95BFC4A9-0B5A-105A-99B5-F9FF90A496EF}.Release|Any CPU.ActiveCfg = Release|Any CPU
		{95BFC4A9-0B5A-105A-99B5-F9FF90A496EF}.Release|Any CPU.Build.0 = Release|Any CPU
		{B0B95845-F9EF-6FEF-9E7E-0A1CA9683705}.Debug|Any CPU.ActiveCfg = Debug|Any CPU
		{B0B95845-F9EF-6FEF-9E7E-0A1CA9683705}.Debug|Any CPU.Build.0 = Debug|Any CPU
		{B0B95845-F9EF-6FEF-9E7E-0A1CA9683705}.Release|Any CPU.ActiveCfg = Release|Any CPU
		{B0B95845-F9EF-6FEF-9E7E-0A1CA9683705}.Release|Any CPU.Build.0 = Release|Any CPU
		{56B8222D-DDCF-26D5-327B-E64B959CFB03}.Debug|Any CPU.ActiveCfg = Debug|Any CPU
		{56B8222D-DDCF-26D5-327B-E64B959CFB03}.Debug|Any CPU.Build.0 = Debug|Any CPU
		{56B8222D-DDCF-26D5-327B-E64B959CFB03}.Release|Any CPU.ActiveCfg = Release|Any CPU
		{56B8222D-DDCF-26D5-327B-E64B959CFB03}.Release|Any CPU.Build.0 = Release|Any CPU
		{F6BC1F3C-723D-B4B3-22A8-F35620927A61}.Debug|Any CPU.ActiveCfg = Debug|Any CPU
		{F6BC1F3C-723D-B4B3-22A8-F35620927A61}.Debug|Any CPU.Build.0 = Debug|Any CPU
		{F6BC1F3C-723D-B4B3-22A8-F35620927A61}.Release|Any CPU.ActiveCfg = Release|Any CPU
		{F6BC1F3C-723D-B4B3-22A8-F35620927A61}.Release|Any CPU.Build.0 = Release|Any CPU
		{42109616-762B-E55E-C1A3-06F433057A6E}.Debug|Any CPU.ActiveCfg = Debug|Any CPU
		{42109616-762B-E55E-C1A3-06F433057A6E}.Debug|Any CPU.Build.0 = Debug|Any CPU
		{42109616-762B-E55E-C1A3-06F433057A6E}.Release|Any CPU.ActiveCfg = Release|Any CPU
		{42109616-762B-E55E-C1A3-06F433057A6E}.Release|Any CPU.Build.0 = Release|Any CPU
		{6B381064-C43C-C779-4922-5B3C96095875}.Debug|Any CPU.ActiveCfg = Debug|Any CPU
		{6B381064-C43C-C779-4922-5B3C96095875}.Debug|Any CPU.Build.0 = Debug|Any CPU
		{6B381064-C43C-C779-4922-5B3C96095875}.Release|Any CPU.ActiveCfg = Release|Any CPU
		{6B381064-C43C-C779-4922-5B3C96095875}.Release|Any CPU.Build.0 = Release|Any CPU
		{46A41C19-2C0B-2ADE-FCD8-6632C10BAE0C}.Debug|Any CPU.ActiveCfg = Debug|Any CPU
		{46A41C19-2C0B-2ADE-FCD8-6632C10BAE0C}.Debug|Any CPU.Build.0 = Debug|Any CPU
		{46A41C19-2C0B-2ADE-FCD8-6632C10BAE0C}.Release|Any CPU.ActiveCfg = Release|Any CPU
		{46A41C19-2C0B-2ADE-FCD8-6632C10BAE0C}.Release|Any CPU.Build.0 = Release|Any CPU
		{C3C4DB3D-522F-87B3-8040-30870BDB8108}.Debug|Any CPU.ActiveCfg = Debug|Any CPU
		{C3C4DB3D-522F-87B3-8040-30870BDB8108}.Debug|Any CPU.Build.0 = Debug|Any CPU
		{C3C4DB3D-522F-87B3-8040-30870BDB8108}.Release|Any CPU.ActiveCfg = Release|Any CPU
		{C3C4DB3D-522F-87B3-8040-30870BDB8108}.Release|Any CPU.Build.0 = Release|Any CPU
		{6066E543-6188-A440-E372-875A7F02E00F}.Debug|Any CPU.ActiveCfg = Debug|Any CPU
		{6066E543-6188-A440-E372-875A7F02E00F}.Debug|Any CPU.Build.0 = Debug|Any CPU
		{6066E543-6188-A440-E372-875A7F02E00F}.Release|Any CPU.ActiveCfg = Release|Any CPU
		{6066E543-6188-A440-E372-875A7F02E00F}.Release|Any CPU.Build.0 = Release|Any CPU
	EndGlobalSection
	GlobalSection(SolutionProperties) = preSolution
		HideSolutionNode = FALSE
	EndGlobalSection
EndGlobal
